{
  "name": "project-sdk-node",
  "version": "1.0.0",
  "lockfileVersion": 2,
  "requires": true,
  "packages": {
    "": {
      "name": "project-sdk-node",
      "version": "1.0.0",
      "license": "ISC",
      "dependencies": {
        "@klever/sdk-node": "^1.1.0"
      },
      "devDependencies": {
        "typescript": "^5.0.4"
      }
    },
    "node_modules/@klever/kleverweb": {
      "version": "1.1.0",
      "resolved": "https://registry.npmjs.org/@klever/kleverweb/-/kleverweb-1.1.0.tgz",
      "integrity": "sha512-Y+KUq1hEKyFFxZWjp6yCK4h1WWplf1xGL3UulmJEcoObXxtgVlfZdnmwY5aF/kWo38gTiqKsTrCd5x3VkRR3eA==",
      "dependencies": {
        "@protobuf-ts/plugin": "^2.7.0"
      },
      "engines": {
        "node": "^12.22 || ^14 || >=16"
      }
    },
    "node_modules/@klever/sdk-node": {
      "version": "1.1.0",
      "resolved": "https://registry.npmjs.org/@klever/sdk-node/-/sdk-node-1.1.0.tgz",
      "integrity": "sha512-xU4oYyE9eU1HjMYf6GlAR4qLNrAjEC04k0VCt5WpUE0XjV6d8Akhzgg6TXFJJ0gC1HF1y0zd+NyzMwXtHbG5gw==",
      "dependencies": {
        "@klever/kleverweb": "^1.1.0",
        "@noble/ed25519": "^1.7.1",
        "bech32": "^2.0.0",
        "blakejs": "^1.2.1",
        "google-protobuf": "^3.21.2"
      }
    },
    "node_modules/@noble/ed25519": {
      "version": "1.7.3",
      "resolved": "https://registry.npmjs.org/@noble/ed25519/-/ed25519-1.7.3.tgz",
      "integrity": "sha512-iR8GBkDt0Q3GyaVcIu7mSsVIqnFbkbRzGLWlvhwunacoLwt4J3swfKhfaM6rN6WY+TBGoYT1GtT1mIh2/jGbRQ==",
      "funding": [
        {
          "type": "individual",
          "url": "https://paulmillr.com/funding/"
        }
      ]
    },
    "node_modules/@protobuf-ts/plugin": {
      "version": "2.8.3",
      "resolved": "https://registry.npmjs.org/@protobuf-ts/plugin/-/plugin-2.8.3.tgz",
      "integrity": "sha512-MZG6up/AJKPviHLCH6p3jBDte4FMP08f01AvgmRjgZen4jRfIql59cptBCs4gaw+4icLb8AWtGY6O04D/hNHSw==",
      "dependencies": {
        "@protobuf-ts/plugin-framework": "^2.8.3",
        "@protobuf-ts/protoc": "^2.8.3",
        "@protobuf-ts/runtime": "^2.8.3",
        "@protobuf-ts/runtime-rpc": "^2.8.3",
        "typescript": "^3.9"
      },
      "bin": {
        "protoc-gen-dump": "bin/protoc-gen-dump",
        "protoc-gen-ts": "bin/protoc-gen-ts"
      }
    },
    "node_modules/@protobuf-ts/plugin-framework": {
      "version": "2.8.3",
      "resolved": "https://registry.npmjs.org/@protobuf-ts/plugin-framework/-/plugin-framework-2.8.3.tgz",
      "integrity": "sha512-VfQP5Cfipaf7XASz+VRdKshN8EuDDvbfp+c5RTS6c3utUn6KhylDQWKSR/J1+hS5bQ2rHqYTqf6zya8Wn/2o3w==",
      "dependencies": {
        "@protobuf-ts/runtime": "^2.8.3",
        "typescript": "^3.9"
      }
    },
    "node_modules/@protobuf-ts/plugin-framework/node_modules/typescript": {
      "version": "3.9.10",
      "resolved": "https://registry.npmjs.org/typescript/-/typescript-3.9.10.tgz",
      "integrity": "sha512-w6fIxVE/H1PkLKcCPsFqKE7Kv7QUwhU8qQY2MueZXWx5cPZdwFupLgKK3vntcK98BtNHZtAF4LA/yl2a7k8R6Q==",
      "bin": {
        "tsc": "bin/tsc",
        "tsserver": "bin/tsserver"
      },
      "engines": {
        "node": ">=4.2.0"
      }
    },
    "node_modules/@protobuf-ts/plugin/node_modules/typescript": {
      "version": "3.9.10",
      "resolved": "https://registry.npmjs.org/typescript/-/typescript-3.9.10.tgz",
      "integrity": "sha512-w6fIxVE/H1PkLKcCPsFqKE7Kv7QUwhU8qQY2MueZXWx5cPZdwFupLgKK3vntcK98BtNHZtAF4LA/yl2a7k8R6Q==",
      "bin": {
        "tsc": "bin/tsc",
        "tsserver": "bin/tsserver"
      },
      "engines": {
        "node": ">=4.2.0"
      }
    },
    "node_modules/@protobuf-ts/protoc": {
      "version": "2.8.3",
      "resolved": "https://registry.npmjs.org/@protobuf-ts/protoc/-/protoc-2.8.3.tgz",
      "integrity": "sha512-j5REioDr7KT/cyfBD6k+FNkQFzkqv38PuUw+BsQ0dcIFJqaP8PnilbwtPn6kAJtI5QxFWPkoAr3fsWtjK7k6tQ==",
      "bin": {
        "protoc": "protoc.js"
      }
    },
    "node_modules/@protobuf-ts/runtime": {
      "version": "2.8.3",
      "resolved": "https://registry.npmjs.org/@protobuf-ts/runtime/-/runtime-2.8.3.tgz",
      "integrity": "sha512-nVL1s5wWpF6U+wtWTEWfUPD9Ockckj+fHqhzgm41CKV4Oma3D/2M6tzqOQ+wrm4GZu1bt+s6f43feNnar6fhjA=="
    },
    "node_modules/@protobuf-ts/runtime-rpc": {
      "version": "2.8.3",
      "resolved": "https://registry.npmjs.org/@protobuf-ts/runtime-rpc/-/runtime-rpc-2.8.3.tgz",
      "integrity": "sha512-Tb6nuevgezjGNnT8WF+aveGWeI5xeAbNpySd/nzknKx6ynepXdlNz5cN0xIADeOgDJHo/05Ka+vZ5ZI33tz2Og==",
      "dependencies": {
        "@protobuf-ts/runtime": "^2.8.3"
      }
    },
    "node_modules/bech32": {
      "version": "2.0.0",
      "resolved": "https://registry.npmjs.org/bech32/-/bech32-2.0.0.tgz",
      "integrity": "sha512-LcknSilhIGatDAsY1ak2I8VtGaHNhgMSYVxFrGLXv+xLHytaKZKcaUJJUE7qmBr7h33o5YQwP55pMI0xmkpJwg=="
    },
    "node_modules/blakejs": {
      "version": "1.2.1",
      "resolved": "https://registry.npmjs.org/blakejs/-/blakejs-1.2.1.tgz",
      "integrity": "sha512-QXUSXI3QVc/gJME0dBpXrag1kbzOqCjCX8/b54ntNyW6sjtoqxqRk3LTmXzaJoh71zMsDCjM+47jS7XiwN/+fQ=="
    },
    "node_modules/google-protobuf": {
      "version": "3.21.2",
      "resolved": "https://registry.npmjs.org/google-protobuf/-/google-protobuf-3.21.2.tgz",
      "integrity": "sha512-3MSOYFO5U9mPGikIYCzK0SaThypfGgS6bHqrUGXG3DPHCrb+txNqeEcns1W0lkGfk0rCyNXm7xB9rMxnCiZOoA=="
    },
    "node_modules/typescript": {
      "version": "5.0.4",
      "resolved": "https://registry.npmjs.org/typescript/-/typescript-5.0.4.tgz",
      "integrity": "sha512-cW9T5W9xY37cc+jfEnaUvX91foxtHkza3Nw3wkoF4sSlKn0MONdkdEndig/qPBWXNkmplh3NzayQzCiHM4/hqw==",
      "dev": true,
      "bin": {
        "tsc": "bin/tsc",
        "tsserver": "bin/tsserver"
      },
      "engines": {
        "node": ">=12.20"
      }
    }
  },
  "dependencies": {
    "@klever/kleverweb": {
      "version": "1.1.0",
      "resolved": "https://registry.npmjs.org/@klever/kleverweb/-/kleverweb-1.1.0.tgz",
      "integrity": "sha512-Y+KUq1hEKyFFxZWjp6yCK4h1WWplf1xGL3UulmJEcoObXxtgVlfZdnmwY5aF/kWo38gTiqKsTrCd5x3VkRR3eA==",
      "requires": {
        "@protobuf-ts/plugin": "^2.7.0"
      }
    },
    "@klever/sdk-node": {
      "version": "1.1.0",
      "resolved": "https://registry.npmjs.org/@klever/sdk-node/-/sdk-node-1.1.0.tgz",
      "integrity": "sha512-xU4oYyE9eU1HjMYf6GlAR4qLNrAjEC04k0VCt5WpUE0XjV6d8Akhzgg6TXFJJ0gC1HF1y0zd+NyzMwXtHbG5gw==",
      "requires": {
        "@klever/kleverweb": "^1.1.0",
        "@noble/ed25519": "^1.7.1",
        "bech32": "^2.0.0",
        "blakejs": "^1.2.1",
        "google-protobuf": "^3.21.2"
      }
    },
    "@noble/ed25519": {
      "version": "1.7.3",
      "resolved": "https://registry.npmjs.org/@noble/ed25519/-/ed25519-1.7.3.tgz",
      "integrity": "sha512-iR8GBkDt0Q3GyaVcIu7mSsVIqnFbkbRzGLWlvhwunacoLwt4J3swfKhfaM6rN6WY+TBGoYT1GtT1mIh2/jGbRQ=="
    },
    "@protobuf-ts/plugin": {
      "version": "2.8.3",
      "resolved": "https://registry.npmjs.org/@protobuf-ts/plugin/-/plugin-2.8.3.tgz",
      "integrity": "sha512-MZG6up/AJKPviHLCH6p3jBDte4FMP08f01AvgmRjgZen4jRfIql59cptBCs4gaw+4icLb8AWtGY6O04D/hNHSw==",
      "requires": {
        "@protobuf-ts/plugin-framework": "^2.8.3",
        "@protobuf-ts/protoc": "^2.8.3",
        "@protobuf-ts/runtime": "^2.8.3",
        "@protobuf-ts/runtime-rpc": "^2.8.3",
        "typescript": "^3.9"
      },
      "dependencies": {
        "typescript": {
          "version": "3.9.10",
          "resolved": "https://registry.npmjs.org/typescript/-/typescript-3.9.10.tgz",
          "integrity": "sha512-w6fIxVE/H1PkLKcCPsFqKE7Kv7QUwhU8qQY2MueZXWx5cPZdwFupLgKK3vntcK98BtNHZtAF4LA/yl2a7k8R6Q=="
        }
      }
    },
    "@protobuf-ts/plugin-framework": {
      "version": "2.8.3",
      "resolved": "https://registry.npmjs.org/@protobuf-ts/plugin-framework/-/plugin-framework-2.8.3.tgz",
      "integrity": "sha512-VfQP5Cfipaf7XASz+VRdKshN8EuDDvbfp+c5RTS6c3utUn6KhylDQWKSR/J1+hS5bQ2rHqYTqf6zya8Wn/2o3w==",
      "requires": {
        "@protobuf-ts/runtime": "^2.8.3",
        "typescript": "^3.9"
      },
      "dependencies": {
        "typescript": {
          "version": "3.9.10",
          "resolved": "https://registry.npmjs.org/typescript/-/typescript-3.9.10.tgz",
          "integrity": "sha512-w6fIxVE/H1PkLKcCPsFqKE7Kv7QUwhU8qQY2MueZXWx5cPZdwFupLgKK3vntcK98BtNHZtAF4LA/yl2a7k8R6Q=="
        }
      }
    },
    "@protobuf-ts/protoc": {
      "version": "2.8.3",
      "resolved": "https://registry.npmjs.org/@protobuf-ts/protoc/-/protoc-2.8.3.tgz",
      "integrity": "sha512-j5REioDr7KT/cyfBD6k+FNkQFzkqv38PuUw+BsQ0dcIFJqaP8PnilbwtPn6kAJtI5QxFWPkoAr3fsWtjK7k6tQ=="
    },
    "@protobuf-ts/runtime": {
      "version": "2.8.3",
      "resolved": "https://registry.npmjs.org/@protobuf-ts/runtime/-/runtime-2.8.3.tgz",
      "integrity": "sha512-nVL1s5wWpF6U+wtWTEWfUPD9Ockckj+fHqhzgm41CKV4Oma3D/2M6tzqOQ+wrm4GZu1bt+s6f43feNnar6fhjA=="
    },
    "@protobuf-ts/runtime-rpc": {
      "version": "2.8.3",
      "resolved": "https://registry.npmjs.org/@protobuf-ts/runtime-rpc/-/runtime-rpc-2.8.3.tgz",
      "integrity": "sha512-Tb6nuevgezjGNnT8WF+aveGWeI5xeAbNpySd/nzknKx6ynepXdlNz5cN0xIADeOgDJHo/05Ka+vZ5ZI33tz2Og==",
      "requires": {
        "@protobuf-ts/runtime": "^2.8.3"
      }
    },
    "bech32": {
      "version": "2.0.0",
      "resolved": "https://registry.npmjs.org/bech32/-/bech32-2.0.0.tgz",
      "integrity": "sha512-LcknSilhIGatDAsY1ak2I8VtGaHNhgMSYVxFrGLXv+xLHytaKZKcaUJJUE7qmBr7h33o5YQwP55pMI0xmkpJwg=="
    },
    "blakejs": {
      "version": "1.2.1",
      "resolved": "https://registry.npmjs.org/blakejs/-/blakejs-1.2.1.tgz",
      "integrity": "sha512-QXUSXI3QVc/gJME0dBpXrag1kbzOqCjCX8/b54ntNyW6sjtoqxqRk3LTmXzaJoh71zMsDCjM+47jS7XiwN/+fQ=="
    },
    "google-protobuf": {
      "version": "3.21.2",
      "resolved": "https://registry.npmjs.org/google-protobuf/-/google-protobuf-3.21.2.tgz",
      "integrity": "sha512-3MSOYFO5U9mPGikIYCzK0SaThypfGgS6bHqrUGXG3DPHCrb+txNqeEcns1W0lkGfk0rCyNXm7xB9rMxnCiZOoA=="
    },
    "typescript": {
      "version": "5.0.4",
      "resolved": "https://registry.npmjs.org/typescript/-/typescript-5.0.4.tgz",
      "integrity": "sha512-cW9T5W9xY37cc+jfEnaUvX91foxtHkza3Nw3wkoF4sSlKn0MONdkdEndig/qPBWXNkmplh3NzayQzCiHM4/hqw==",
      "dev": true
    }
  }
}
